
Microsoft Visual Studio Solution File, Format Version 12.00
# Visual Studio Version 16
VisualStudioVersion = 16.0.29613.14
MinimumVisualStudioVersion = 10.0.40219.1
Project("{9A19103F-16F7-4668-BE54-9A1E7A4F7556}") = "RarityGenGen", "RarityGenGen\RarityGenGen.csproj", "{EE6D53DA-E4ED-416D-938B-B488EE43CF3E}"
EndProject
Project("{9A19103F-16F7-4668-BE54-9A1E7A4F7556}") = "ImageOverlay", "ImageOverlay\ImageOverlay.csproj", "{7A4E79F8-E41A-49CA-8BD6-EC8067980A08}"
EndProject
Project("{FAE04EC0-301F-11D3-BF4B-00C04F79EFBC}") = "MetadataGen", "MetadataGen\MetadataGen.csproj", "{928314DA-8351-40B8-9A76-A3209E941B49}"
EndProject
Global
	GlobalSection(SolutionConfigurationPlatforms) = preSolution
		Debug|Any CPU = Debug|Any CPU
		Release|Any CPU = Release|Any CPU
	EndGlobalSection
	GlobalSection(ProjectConfigurationPlatforms) = postSolution
		{EE6D53DA-E4ED-416D-938B-B488EE43CF3E}.Debug|Any CPU.ActiveCfg = Debug|Any CPU
		{EE6D53DA-E4ED-416D-938B-B488EE43CF3E}.Debug|Any CPU.Build.0 = Debug|Any CPU
		{EE6D53DA-E4ED-416D-938B-B488EE43CF3E}.Release|Any CPU.ActiveCfg = Release|Any CPU
		{EE6D53DA-E4ED-416D-938B-B488EE43CF3E}.Release|Any CPU.Build.0 = Release|Any CPU
		{7A4E79F8-E41A-49CA-8BD6-EC8067980A08}.Debug|Any CPU.ActiveCfg = Debug|Any CPU
		{7A4E79F8-E41A-49CA-8BD6-EC8067980A08}.Debug|Any CPU.Build.0 = Debug|Any CPU
		{7A4E79F8-E41A-49CA-8BD6-EC8067980A08}.Release|Any CPU.ActiveCfg = Release|Any CPU
		{7A4E79F8-E41A-49CA-8BD6-EC8067980A08}.Release|Any CPU.Build.0 = Release|Any CPU
		{928314DA-8351-40B8-9A76-A3209E941B49}.Debug|Any CPU.ActiveCfg = Debug|Any CPU
		{928314DA-8351-40B8-9A76-A3209E941B49}.Debug|Any CPU.Build.0 = Debug|Any CPU
		{928314DA-8351-40B8-9A76-A3209E941B49}.Release|Any CPU.ActiveCfg = Release|Any CPU
		{928314DA-8351-40B8-9A76-A3209E941B49}.Release|Any CPU.Build.0 = Release|Any CPU
	EndGlobalSection
	GlobalSection(SolutionProperties) = preSolution
		HideSolutionNode = FALSE
	EndGlobalSection
	GlobalSection(ExtensibilityGlobals) = postSolution
		SolutionGuid = {CF990A5E-86EF-4037-9726-D222B3D04958}
	EndGlobalSection
EndGlobal
